
Microsoft Visual Studio Solution File, Format Version 12.00
# Visual Studio Version 17
VisualStudioVersion = 17.5.001.0
MinimumVisualStudioVersion = 10.0.40219.1
Project("{9A19103F-16F7-4668-BE54-9A1E7A4F7556}") = "MyCliApp", "MyCliApp.csproj", "{163919D2-84BC-4313-8C92-891CD4DB63FD}"
EndProject
Global
	GlobalSection(SolutionConfigurationPlatforms) = preSolution
		Debug|Any CPU = Debug|Any CPU
		Release|Any CPU = Release|Any CPU
	EndGlobalSection
	GlobalSection(ProjectConfigurationPlatforms) = postSolution
		{163919D2-84BC-4313-8C92-891CD4DB63FD}.Debug|Any CPU.ActiveCfg = Debug|Any CPU
		{163919D2-84BC-4313-8C92-891CD4DB63FD}.Debug|Any CPU.Build.0 = Debug|Any CPU
		{163919D2-84BC-4313-8C92-891CD4DB63FD}.Release|Any CPU.ActiveCfg = Release|Any CPU
		{163919D2-84BC-4313-8C92-891CD4DB63FD}.Release|Any CPU.Build.0 = Release|Any CPU
	EndGlobalSection
	GlobalSection(SolutionProperties) = preSolution
		HideSolutionNode = FALSE
	EndGlobalSection
	GlobalSection(ExtensibilityGlobals) = postSolution
		SolutionGuid = {670545D4-58A9-48B1-9A66-5204DD648784}
	EndGlobalSection
EndGlobal
